
Microsoft Visual Studio Solution File, Format Version 11.00
# Visual C++ Express 2010
Project("{8BC9CEB8-8B4A-11D0-8D11-00A0C91BC942}") = "Raytracer", "Raytracer.vcxproj", "{DCFEEE4F-534A-5E7C-3F99-7E50A336AC35}"
EndProject
Global
	GlobalSection(SolutionConfigurationPlatforms) = preSolution
		Debug|Win32 = Debug|Win32
		Release|Win32 = Release|Win32
	EndGlobalSection
	GlobalSection(ProjectConfigurationPlatforms) = postSolution
		{DCFEEE4F-534A-5E7C-3F99-7E50A336AC35}.Debug|Win32.ActiveCfg = Debug|Win32
		{DCFEEE4F-534A-5E7C-3F99-7E50A336AC35}.Debug|Win32.Build.0 = Debug|Win32
		{DCFEEE4F-534A-5E7C-3F99-7E50A336AC35}.Release|Win32.ActiveCfg = Release|Win32
		{DCFEEE4F-534A-5E7C-3F99-7E50A336AC35}.Release|Win32.Build.0 = Release|Win32
	EndGlobalSection
	GlobalSection(SolutionProperties) = preSolution
		HideSolutionNode = FALSE
	EndGlobalSection
EndGlobal
